// !$*UTF8*$!
{
	archiveVersion = 1;
	classes = {
	};
	objectVersion = 46;
	objects = {

/* Begin PBXBuildFile section */
		260D10CB1B5DFEAF007A2C94 /* ItunesSearchQuery.swift in Sources */ = {isa = PBXBuildFile; fileRef = 260D10CA1B5DFEAF007A2C94 /* ItunesSearchQuery.swift */; };
		264727EC1B6DB7D700E668AF /* CommandParser.swift in Sources */ = {isa = PBXBuildFile; fileRef = 264727EB1B6DB7D700E668AF /* CommandParser.swift */; };
		264727EE1B6DD22100E668AF /* DecomposeArray.swift in Sources */ = {isa = PBXBuildFile; fileRef = 264727ED1B6DD22100E668AF /* DecomposeArray.swift */; };
		2668F1061B5DEA81005B5EB0 /* main.swift in Sources */ = {isa = PBXBuildFile; fileRef = 2668F1051B5DEA81005B5EB0 /* main.swift */; };
/* End PBXBuildFile section */

/* Begin PBXCopyFilesBuildPhase section */
		2668F1001B5DEA81005B5EB0 /* CopyFiles */ = {
			isa = PBXCopyFilesBuildPhase;
			buildActionMask = 2147483647;
			dstPath = /usr/share/man/man1/;
			dstSubfolderSpec = 0;
			files = (
			);
			runOnlyForDeploymentPostprocessing = 1;
		};
/* End PBXCopyFilesBuildPhase section */

/* Begin PBXFileReference section */
		260D10CA1B5DFEAF007A2C94 /* ItunesSearchQuery.swift */ = {isa = PBXFileReference; fileEncoding = 4; lastKnownFileType = sourcecode.swift; path = ItunesSearchQuery.swift; sourceTree = "<group>"; };
		264727EB1B6DB7D700E668AF /* CommandParser.swift */ = {isa = PBXFileReference; fileEncoding = 4; lastKnownFileType = sourcecode.swift; path = CommandParser.swift; sourceTree = "<group>"; };
		264727ED1B6DD22100E668AF /* DecomposeArray.swift */ = {isa = PBXFileReference; fileEncoding = 4; lastKnownFileType = sourcecode.swift; path = DecomposeArray.swift; sourceTree = "<group>"; };
		2668F1021B5DEA81005B5EB0 /* GetItunesArtwork */ = {isa = PBXFileReference; explicitFileType = "compiled.mach-o.executable"; includeInIndex = 0; path = GetItunesArtwork; sourceTree = BUILT_PRODUCTS_DIR; };
		2668F1051B5DEA81005B5EB0 /* main.swift */ = {isa = PBXFileReference; lastKnownFileType = sourcecode.swift; path = main.swift; sourceTree = "<group>"; };
		26BFFA9C1B6C7F390049776D /* ArrayDecomposing.playground */ = {isa = PBXFileReference; lastKnownFileType = file.playground; name = ArrayDecomposing.playground; path = ../../../Desktop/ArrayDecomposing.playground; sourceTree = "<group>"; };
/* End PBXFileReference section */

/* Begin PBXFrameworksBuildPhase section */
		2668F0FF1B5DEA81005B5EB0 /* Frameworks */ = {
			isa = PBXFrameworksBuildPhase;
			buildActionMask = 2147483647;
			files = (
			);
			runOnlyForDeploymentPostprocessing = 0;
		};
/* End PBXFrameworksBuildPhase section */

/* Begin PBXGroup section */
		2668F0F91B5DEA81005B5EB0 = {
			isa = PBXGroup;
			children = (
				26BFFA9C1B6C7F390049776D /* ArrayDecomposing.playground */,
				2668F1041B5DEA81005B5EB0 /* GetItunesArtwork */,
				2668F1031B5DEA81005B5EB0 /* Products */,
			);
			sourceTree = "<group>";
		};
		2668F1031B5DEA81005B5EB0 /* Products */ = {
			isa = PBXGroup;
			children = (
				2668F1021B5DEA81005B5EB0 /* GetItunesArtwork */,
			);
			name = Products;
			sourceTree = "<group>";
		};
		2668F1041B5DEA81005B5EB0 /* GetItunesArtwork */ = {
			isa = PBXGroup;
			children = (
				2668F1051B5DEA81005B5EB0 /* main.swift */,
				264727ED1B6DD22100E668AF /* DecomposeArray.swift */,
				264727EB1B6DB7D700E668AF /* CommandParser.swift */,
				260D10CA1B5DFEAF007A2C94 /* ItunesSearchQuery.swift */,
			);
			path = GetItunesArtwork;
			sourceTree = "<group>";
		};
/* End PBXGroup section */

/* Begin PBXNativeTarget section */
		2668F1011B5DEA81005B5EB0 /* GetItunesArtwork */ = {
			isa = PBXNativeTarget;
			buildConfigurationList = 2668F1091B5DEA81005B5EB0 /* Build configuration list for PBXNativeTarget "GetItunesArtwork" */;
			buildPhases = (
				2668F0FE1B5DEA81005B5EB0 /* Sources */,
				2668F0FF1B5DEA81005B5EB0 /* Frameworks */,
				2668F1001B5DEA81005B5EB0 /* CopyFiles */,
				260D10C91B5DEE05007A2C94 /* ShellScript */,
			);
			buildRules = (
			);
			dependencies = (
			);
			name = GetItunesArtwork;
			productName = GetItunesArtwork;
			productReference = 2668F1021B5DEA81005B5EB0 /* GetItunesArtwork */;
			productType = "com.apple.product-type.tool";
		};
/* End PBXNativeTarget section */

/* Begin PBXProject section */
		2668F0FA1B5DEA81005B5EB0 /* Project object */ = {
			isa = PBXProject;
			attributes = {
				LastUpgradeCheck = 0700;
				ORGANIZATIONNAME = AtelierClockwork;
				TargetAttributes = {
					2668F1011B5DEA81005B5EB0 = {
						CreatedOnToolsVersion = 7.0;
					};
				};
			};
			buildConfigurationList = 2668F0FD1B5DEA81005B5EB0 /* Build configuration list for PBXProject "GetItunesArtwork" */;
			compatibilityVersion = "Xcode 3.2";
			developmentRegion = English;
			hasScannedForEncodings = 0;
			knownRegions = (
				en,
			);
			mainGroup = 2668F0F91B5DEA81005B5EB0;
			productRefGroup = 2668F1031B5DEA81005B5EB0 /* Products */;
			projectDirPath = "";
			projectRoot = "";
			targets = (
				2668F1011B5DEA81005B5EB0 /* GetItunesArtwork */,
			);
		};
/* End PBXProject section */

/* Begin PBXShellScriptBuildPhase section */
		260D10C91B5DEE05007A2C94 /* ShellScript */ = {
			isa = PBXShellScriptBuildPhase;
			buildActionMask = 2147483647;
			files = (
			);
			inputPaths = (
			);
			outputPaths = (
			);
			runOnlyForDeploymentPostprocessing = 0;
			shellPath = /bin/sh;
			shellScript = swiftlint;
		};
/* End PBXShellScriptBuildPhase section */

/* Begin PBXSourcesBuildPhase section */
		2668F0FE1B5DEA81005B5EB0 /* Sources */ = {
			isa = PBXSourcesBuildPhase;
			buildActionMask = 2147483647;
			files = (
				260D10CB1B5DFEAF007A2C94 /* ItunesSearchQuery.swift in Sources */,
				264727EE1B6DD22100E668AF /* DecomposeArray.swift in Sources */,
				264727EC1B6DB7D700E668AF /* CommandParser.swift in Sources */,
				2668F1061B5DEA81005B5EB0 /* main.swift in Sources */,
			);
			runOnlyForDeploymentPostprocessing = 0;
		};
/* End PBXSourcesBuildPhase section */

/* Begin XCBuildConfiguration section */
		2668F1071B5DEA81005B5EB0 /* Debug */ = {
			isa = XCBuildConfiguration;
			buildSettings = {
				ALWAYS_SEARCH_USER_PATHS = NO;
				CLANG_CXX_LANGUAGE_STANDARD = "gnu++0x";
				CLANG_CXX_LIBRARY = "libc++";
				CLANG_ENABLE_MODULES = YES;
				CLANG_ENABLE_OBJC_ARC = YES;
				CLANG_WARN_BOOL_CONVERSION = YES;
				CLANG_WARN_CONSTANT_CONVERSION = YES;
				CLANG_WARN_DIRECT_OBJC_ISA_USAGE = YES_ERROR;
				CLANG_WARN_EMPTY_BODY = YES;
				CLANG_WARN_ENUM_CONVERSION = YES;
				CLANG_WARN_INT_CONVERSION = YES;
				CLANG_WARN_OBJC_ROOT_CLASS = YES_ERROR;
				CLANG_WARN_UNREACHABLE_CODE = YES;
				CLANG_WARN__DUPLICATE_METHOD_MATCH = YES;
				COPY_PHASE_STRIP = NO;
				DEBUG_INFORMATION_FORMAT = dwarf;
				ENABLE_STRICT_OBJC_MSGSEND = YES;
				ENABLE_TESTABILITY = YES;
				GCC_C_LANGUAGE_STANDARD = gnu99;
				GCC_DYNAMIC_NO_PIC = NO;
				GCC_NO_COMMON_BLOCKS = YES;
				GCC_OPTIMIZATION_LEVEL = 0;
				GCC_PREPROCESSOR_DEFINITIONS = (
					"DEBUG=1",
					"$(inherited)",
				);
				GCC_WARN_64_TO_32_BIT_CONVERSION = YES;
				GCC_WARN_ABOUT_RETURN_TYPE = YES_ERROR;
				GCC_WARN_UNDECLARED_SELECTOR = YES;
				GCC_WARN_UNINITIALIZED_AUTOS = YES_AGGRESSIVE;
				GCC_WARN_UNUSED_FUNCTION = YES;
				GCC_WARN_UNUSED_VARIABLE = YES;
				MACOSX_DEPLOYMENT_TARGET = 10.10;
				MTL_ENABLE_DEBUG_INFO = YES;
				ONLY_ACTIVE_ARCH = YES;
				SDKROOT = macosx;
				SWIFT_OPTIMIZATION_LEVEL = "-Onone";
			};
			name = Debug;
		};
		2668F1081B5DEA81005B5EB0 /* Release */ = {
			isa = XCBuildConfiguration;
			buildSettings = {
				ALWAYS_SEARCH_USER_PATHS = NO;
				CLANG_CXX_LANGUAGE_STANDARD = "gnu++0x";
				CLANG_CXX_LIBRARY = "libc++";
				CLANG_ENABLE_MODULES = YES;
				CLANG_ENABLE_OBJC_ARC = YES;
				CLANG_WARN_BOOL_CONVERSION = YES;
				CLANG_WARN_CONSTANT_CONVERSION = YES;
				CLANG_WARN_DIRECT_OBJC_ISA_USAGE = YES_ERROR;
				CLANG_WARN_EMPTY_BODY = YES;
				CLANG_WARN_ENUM_CONVERSION = YES;
				CLANG_WARN_INT_CONVERSION = YES;
				CLANG_WARN_OBJC_ROOT_CLASS = YES_ERROR;
				CLANG_WARN_UNREACHABLE_CODE = YES;
				CLANG_WARN__DUPLICATE_METHOD_MATCH = YES;
				COPY_PHASE_STRIP = NO;
				DEBUG_INFORMATION_FORMAT = "dwarf-with-dsym";
				ENABLE_NS_ASSERTIONS = NO;
				ENABLE_STRICT_OBJC_MSGSEND = YES;
				GCC_C_LANGUAGE_STANDARD = gnu99;
				GCC_NO_COMMON_BLOCKS = YES;
				GCC_WARN_64_TO_32_BIT_CONVERSION = YES;
				GCC_WARN_ABOUT_RETURN_TYPE = YES_ERROR;
				GCC_WARN_UNDECLARED_SELECTOR = YES;
				GCC_WARN_UNINITIALIZED_AUTOS = YES_AGGRESSIVE;
				GCC_WARN_UNUSED_FUNCTION = YES;
				GCC_WARN_UNUSED_VARIABLE = YES;
				MACOSX_DEPLOYMENT_TARGET = 10.10;
				MTL_ENABLE_DEBUG_INFO = NO;
				SDKROOT = macosx;
			};
			name = Release;
		};
		2668F10A1B5DEA81005B5EB0 /* Debug */ = {
			isa = XCBuildConfiguration;
			buildSettings = {
				PRODUCT_NAME = "$(TARGET_NAME)";
			};
			name = Debug;
		};
		2668F10B1B5DEA81005B5EB0 /* Release */ = {
			isa = XCBuildConfiguration;
			buildSettings = {
				PRODUCT_NAME = "$(TARGET_NAME)";
			};
			name = Release;
		};
/* End XCBuildConfiguration section */

/* Begin XCConfigurationList section */
		2668F0FD1B5DEA81005B5EB0 /* Build configuration list for PBXProject "GetItunesArtwork" */ = {
			isa = XCConfigurationList;
			buildConfigurations = (
				2668F1071B5DEA81005B5EB0 /* Debug */,
				2668F1081B5DEA81005B5EB0 /* Release */,
			);
			defaultConfigurationIsVisible = 0;
			defaultConfigurationName = Release;
		};
		2668F1091B5DEA81005B5EB0 /* Build configuration list for PBXNativeTarget "GetItunesArtwork" */ = {
			isa = XCConfigurationList;
			buildConfigurations = (
				2668F10A1B5DEA81005B5EB0 /* Debug */,
				2668F10B1B5DEA81005B5EB0 /* Release */,
			);
			defaultConfigurationIsVisible = 0;
			defaultConfigurationName = Release;
		};
/* End XCConfigurationList section */
	};
	rootObject = 2668F0FA1B5DEA81005B5EB0 /* Project object */;
}
